
Microsoft Visual Studio Solution File, Format Version 12.00
# Visual Studio Version 17
VisualStudioVersion = 17.10.35122.118
MinimumVisualStudioVersion = 10.0.40219.1
Project("{9A19103F-16F7-4668-BE54-9A1E7A4F7556}") = "GREENCYCLE", "GREENCYCLE.csproj", "{5DA7027E-2BA7-4539-9E22-81C707AF6C77}"
EndProject
Global
	GlobalSection(SolutionConfigurationPlatforms) = preSolution
		Debug|Any CPU = Debug|Any CPU
		Debug|x86 = Debug|x86
		Release|Any CPU = Release|Any CPU
		Release|x86 = Release|x86
	EndGlobalSection
	GlobalSection(ProjectConfigurationPlatforms) = postSolution
		{5DA7027E-2BA7-4539-9E22-81C707AF6C77}.Debug|Any CPU.ActiveCfg = Debug|Any CPU
		{5DA7027E-2BA7-4539-9E22-81C707AF6C77}.Debug|Any CPU.Build.0 = Debug|Any CPU
		{5DA7027E-2BA7-4539-9E22-81C707AF6C77}.Debug|x86.ActiveCfg = Debug|x86
		{5DA7027E-2BA7-4539-9E22-81C707AF6C77}.Debug|x86.Build.0 = Debug|x86
		{5DA7027E-2BA7-4539-9E22-81C707AF6C77}.Release|Any CPU.ActiveCfg = Release|Any CPU
		{5DA7027E-2BA7-4539-9E22-81C707AF6C77}.Release|Any CPU.Build.0 = Release|Any CPU
		{5DA7027E-2BA7-4539-9E22-81C707AF6C77}.Release|x86.ActiveCfg = Release|x86
		{5DA7027E-2BA7-4539-9E22-81C707AF6C77}.Release|x86.Build.0 = Release|x86
	EndGlobalSection
	GlobalSection(SolutionProperties) = preSolution
		HideSolutionNode = FALSE
	EndGlobalSection
	GlobalSection(ExtensibilityGlobals) = postSolution
		SolutionGuid = {532E3866-90E1-4685-929A-5FDC0ABED00A}
	EndGlobalSection
EndGlobal
